
Microsoft Visual Studio Solution File, Format Version 12.00
# Visual Studio Version 17
VisualStudioVersion = 17.7.34031.279
MinimumVisualStudioVersion = 10.0.40219.1
Project("{FAE04EC0-301F-11D3-BF4B-00C04F79EFBC}") = "Function Overload vs Overiding", "Function Overload vs Overiding.csproj", "{134F1A3E-38EC-4E5B-851D-5590DBBD33AB}"
EndProject
Global
	GlobalSection(SolutionConfigurationPlatforms) = preSolution
		Debug|Any CPU = Debug|Any CPU
		Release|Any CPU = Release|Any CPU
	EndGlobalSection
	GlobalSection(ProjectConfigurationPlatforms) = postSolution
		{134F1A3E-38EC-4E5B-851D-5590DBBD33AB}.Debug|Any CPU.ActiveCfg = Debug|Any CPU
		{134F1A3E-38EC-4E5B-851D-5590DBBD33AB}.Debug|Any CPU.Build.0 = Debug|Any CPU
		{134F1A3E-38EC-4E5B-851D-5590DBBD33AB}.Release|Any CPU.ActiveCfg = Release|Any CPU
		{134F1A3E-38EC-4E5B-851D-5590DBBD33AB}.Release|Any CPU.Build.0 = Release|Any CPU
	EndGlobalSection
	GlobalSection(SolutionProperties) = preSolution
		HideSolutionNode = FALSE
	EndGlobalSection
	GlobalSection(ExtensibilityGlobals) = postSolution
		SolutionGuid = {E9A5DDFB-AB6F-4C88-91A0-28572F88068B}
	EndGlobalSection
EndGlobal
